
Microsoft Visual Studio Solution File, Format Version 12.00
# Visual Studio Version 17
VisualStudioVersion = 17.0.31903.59
MinimumVisualStudioVersion = 10.0.40219.1
Project("{9A19103F-16F7-4668-BE54-9A1E7A4F7556}") = "R2API.Core", "R2API.Core\R2API.Core.csproj", "{2F8A40CC-6D15-486D-B689-0A7A472DB89E}"
EndProject
Project("{9A19103F-16F7-4668-BE54-9A1E7A4F7556}") = "R2API.Test", "R2API.Test\R2API.Test.csproj", "{A10234E2-EEED-447D-857C-D68DBB561F3D}"
EndProject
Project("{2150E333-8FDC-42A3-9474-1A3956D46DE8}") = "Solution Items", "Solution Items", "{3A26DDA8-2697-4D64-962B-DB9E2DC00EF6}"
	ProjectSection(SolutionItems) = preProject
		.editorconfig = .editorconfig
		manifest.json = manifest.json
		nuget.config = nuget.config
		README.md = README.md
		thunderstore.toml = thunderstore.toml
	EndProjectSection
EndProject
Project("{2150E333-8FDC-42A3-9474-1A3956D46DE8}") = ".github", ".github", "{68B36E72-17D9-4D17-8C52-DB612CF24001}"
EndProject
Project("{2150E333-8FDC-42A3-9474-1A3956D46DE8}") = "workflows", "workflows", "{CFD6888C-DCB1-4D72-9234-02527497750D}"
	ProjectSection(SolutionItems) = preProject
		.github\workflows\codeql-analysis.yml = .github\workflows\codeql-analysis.yml
		.github\workflows\main.yml = .github\workflows\main.yml
		.github\workflows\release.yml = .github\workflows\release.yml
	EndProjectSection
EndProject
Project("{9A19103F-16F7-4668-BE54-9A1E7A4F7556}") = "R2API.Items", "R2API.Items\R2API.Items.csproj", "{193B0EA3-6095-4B59-BC9C-4ED10E85418A}"
EndProject
Project("{9A19103F-16F7-4668-BE54-9A1E7A4F7556}") = "R2API.Legacy", "R2API.Legacy\R2API.Legacy.csproj", "{488CBD9D-B2FC-41F6-A994-02254CE62B92}"
EndProject
Project("{9A19103F-16F7-4668-BE54-9A1E7A4F7556}") = "R2API.ContentManagement", "R2API.ContentManagement\R2API.ContentManagement.csproj", "{E630009A-97EA-4F9F-AFE4-C9412FE30807}"
EndProject
Project("{9A19103F-16F7-4668-BE54-9A1E7A4F7556}") = "R2API.ArtifactCode", "R2API.ArtifactCode\R2API.ArtifactCode.csproj", "{F20ED7D6-82CF-4ED9-BEA6-66493A7FDBC1}"
EndProject
Project("{9A19103F-16F7-4668-BE54-9A1E7A4F7556}") = "R2API.Difficulty", "R2API.Difficulty\R2API.Difficulty.csproj", "{E93454A4-E87A-4D24-995A-660676F99395}"
EndProject
Project("{9A19103F-16F7-4668-BE54-9A1E7A4F7556}") = "R2API.Elites", "R2API.Elites\R2API.Elites.csproj", "{938C42A4-4EC6-4D1A-8924-6B5DA8CE3117}"
EndProject
Project("{9A19103F-16F7-4668-BE54-9A1E7A4F7556}") = "R2API.RecalculateStats", "R2API.RecalculateStats\R2API.RecalculateStats.csproj", "{C7430EF0-D155-4C4A-B25C-892E5CE3BDDB}"
EndProject
Project("{9A19103F-16F7-4668-BE54-9A1E7A4F7556}") = "R2API.Prefab", "R2API.Prefab\R2API.Prefab.csproj", "{48ABD76B-23C7-4F57-856F-034842A11FEE}"
EndProject
Project("{9A19103F-16F7-4668-BE54-9A1E7A4F7556}") = "R2API.Language", "R2API.Language\R2API.Language.csproj", "{B3F4F88F-754E-4B92-BE00-BB31C43D8307}"
EndProject
Project("{9A19103F-16F7-4668-BE54-9A1E7A4F7556}") = "R2API.Unlockable", "R2API.Unlockable\R2API.Unlockable.csproj", "{F73112EF-38B3-4987-9E11-C3EA6817402C}"
EndProject
Global
	GlobalSection(SolutionConfigurationPlatforms) = preSolution
		Debug|Any CPU = Debug|Any CPU
		Release|Any CPU = Release|Any CPU
	EndGlobalSection
	GlobalSection(ProjectConfigurationPlatforms) = postSolution
		{2F8A40CC-6D15-486D-B689-0A7A472DB89E}.Debug|Any CPU.ActiveCfg = Debug|Any CPU
		{2F8A40CC-6D15-486D-B689-0A7A472DB89E}.Debug|Any CPU.Build.0 = Debug|Any CPU
		{2F8A40CC-6D15-486D-B689-0A7A472DB89E}.Release|Any CPU.ActiveCfg = Release|Any CPU
		{2F8A40CC-6D15-486D-B689-0A7A472DB89E}.Release|Any CPU.Build.0 = Release|Any CPU
		{A10234E2-EEED-447D-857C-D68DBB561F3D}.Debug|Any CPU.ActiveCfg = Debug|Any CPU
		{A10234E2-EEED-447D-857C-D68DBB561F3D}.Debug|Any CPU.Build.0 = Debug|Any CPU
		{A10234E2-EEED-447D-857C-D68DBB561F3D}.Release|Any CPU.ActiveCfg = Release|Any CPU
		{A10234E2-EEED-447D-857C-D68DBB561F3D}.Release|Any CPU.Build.0 = Release|Any CPU
		{193B0EA3-6095-4B59-BC9C-4ED10E85418A}.Debug|Any CPU.ActiveCfg = Debug|Any CPU
		{193B0EA3-6095-4B59-BC9C-4ED10E85418A}.Debug|Any CPU.Build.0 = Debug|Any CPU
		{193B0EA3-6095-4B59-BC9C-4ED10E85418A}.Release|Any CPU.ActiveCfg = Release|Any CPU
		{193B0EA3-6095-4B59-BC9C-4ED10E85418A}.Release|Any CPU.Build.0 = Release|Any CPU
		{488CBD9D-B2FC-41F6-A994-02254CE62B92}.Debug|Any CPU.ActiveCfg = Debug|Any CPU
		{488CBD9D-B2FC-41F6-A994-02254CE62B92}.Debug|Any CPU.Build.0 = Debug|Any CPU
		{488CBD9D-B2FC-41F6-A994-02254CE62B92}.Release|Any CPU.ActiveCfg = Release|Any CPU
		{488CBD9D-B2FC-41F6-A994-02254CE62B92}.Release|Any CPU.Build.0 = Release|Any CPU
		{E630009A-97EA-4F9F-AFE4-C9412FE30807}.Debug|Any CPU.ActiveCfg = Debug|Any CPU
		{E630009A-97EA-4F9F-AFE4-C9412FE30807}.Debug|Any CPU.Build.0 = Debug|Any CPU
		{E630009A-97EA-4F9F-AFE4-C9412FE30807}.Release|Any CPU.ActiveCfg = Release|Any CPU
		{E630009A-97EA-4F9F-AFE4-C9412FE30807}.Release|Any CPU.Build.0 = Release|Any CPU
		{F20ED7D6-82CF-4ED9-BEA6-66493A7FDBC1}.Debug|Any CPU.ActiveCfg = Debug|Any CPU
		{F20ED7D6-82CF-4ED9-BEA6-66493A7FDBC1}.Debug|Any CPU.Build.0 = Debug|Any CPU
		{F20ED7D6-82CF-4ED9-BEA6-66493A7FDBC1}.Release|Any CPU.ActiveCfg = Release|Any CPU
		{F20ED7D6-82CF-4ED9-BEA6-66493A7FDBC1}.Release|Any CPU.Build.0 = Release|Any CPU
		{E93454A4-E87A-4D24-995A-660676F99395}.Debug|Any CPU.ActiveCfg = Debug|Any CPU
		{E93454A4-E87A-4D24-995A-660676F99395}.Debug|Any CPU.Build.0 = Debug|Any CPU
		{E93454A4-E87A-4D24-995A-660676F99395}.Release|Any CPU.ActiveCfg = Release|Any CPU
		{E93454A4-E87A-4D24-995A-660676F99395}.Release|Any CPU.Build.0 = Release|Any CPU
		{938C42A4-4EC6-4D1A-8924-6B5DA8CE3117}.Debug|Any CPU.ActiveCfg = Debug|Any CPU
		{938C42A4-4EC6-4D1A-8924-6B5DA8CE3117}.Debug|Any CPU.Build.0 = Debug|Any CPU
		{938C42A4-4EC6-4D1A-8924-6B5DA8CE3117}.Release|Any CPU.ActiveCfg = Release|Any CPU
		{938C42A4-4EC6-4D1A-8924-6B5DA8CE3117}.Release|Any CPU.Build.0 = Release|Any CPU
		{C7430EF0-D155-4C4A-B25C-892E5CE3BDDB}.Debug|Any CPU.ActiveCfg = Debug|Any CPU
		{C7430EF0-D155-4C4A-B25C-892E5CE3BDDB}.Debug|Any CPU.Build.0 = Debug|Any CPU
		{C7430EF0-D155-4C4A-B25C-892E5CE3BDDB}.Release|Any CPU.ActiveCfg = Release|Any CPU
		{C7430EF0-D155-4C4A-B25C-892E5CE3BDDB}.Release|Any CPU.Build.0 = Release|Any CPU
		{48ABD76B-23C7-4F57-856F-034842A11FEE}.Debug|Any CPU.ActiveCfg = Debug|Any CPU
		{48ABD76B-23C7-4F57-856F-034842A11FEE}.Debug|Any CPU.Build.0 = Debug|Any CPU
		{48ABD76B-23C7-4F57-856F-034842A11FEE}.Release|Any CPU.ActiveCfg = Release|Any CPU
		{48ABD76B-23C7-4F57-856F-034842A11FEE}.Release|Any CPU.Build.0 = Release|Any CPU
		{B3F4F88F-754E-4B92-BE00-BB31C43D8307}.Debug|Any CPU.ActiveCfg = Debug|Any CPU
		{B3F4F88F-754E-4B92-BE00-BB31C43D8307}.Debug|Any CPU.Build.0 = Debug|Any CPU
		{B3F4F88F-754E-4B92-BE00-BB31C43D8307}.Release|Any CPU.ActiveCfg = Release|Any CPU
		{B3F4F88F-754E-4B92-BE00-BB31C43D8307}.Release|Any CPU.Build.0 = Release|Any CPU
		{F73112EF-38B3-4987-9E11-C3EA6817402C}.Debug|Any CPU.ActiveCfg = Debug|Any CPU
		{F73112EF-38B3-4987-9E11-C3EA6817402C}.Debug|Any CPU.Build.0 = Debug|Any CPU
		{F73112EF-38B3-4987-9E11-C3EA6817402C}.Release|Any CPU.ActiveCfg = Release|Any CPU
		{F73112EF-38B3-4987-9E11-C3EA6817402C}.Release|Any CPU.Build.0 = Release|Any CPU
	EndGlobalSection
	GlobalSection(SolutionProperties) = preSolution
		HideSolutionNode = FALSE
	EndGlobalSection
	GlobalSection(NestedProjects) = preSolution
		{68B36E72-17D9-4D17-8C52-DB612CF24001} = {3A26DDA8-2697-4D64-962B-DB9E2DC00EF6}
		{CFD6888C-DCB1-4D72-9234-02527497750D} = {68B36E72-17D9-4D17-8C52-DB612CF24001}
	EndGlobalSection
	GlobalSection(ExtensibilityGlobals) = postSolution
		SolutionGuid = {25394121-1456-4FD9-A853-060A4DBBB74C}
	EndGlobalSection
EndGlobal
