
Microsoft Visual Studio Solution File, Format Version 12.00
# Visual Studio Version 16
VisualStudioVersion = 16.0.28729.10
MinimumVisualStudioVersion = 10.0.40219.1
Project("{9A19103F-16F7-4668-BE54-9A1E7A4F7556}") = "R2API", "R2API\R2API.csproj", "{2F8A40CC-6D15-486D-B689-0A7A472DB89E}"
EndProject
Global
	GlobalSection(SolutionConfigurationPlatforms) = preSolution
		Debug|Any CPU = Debug|Any CPU
		Release|Any CPU = Release|Any CPU
	EndGlobalSection
	GlobalSection(ProjectConfigurationPlatforms) = postSolution
		{2F8A40CC-6D15-486D-B689-0A7A472DB89E}.Debug|Any CPU.ActiveCfg = Debug|Any CPU
		{2F8A40CC-6D15-486D-B689-0A7A472DB89E}.Debug|Any CPU.Build.0 = Debug|Any CPU
		{2F8A40CC-6D15-486D-B689-0A7A472DB89E}.Release|Any CPU.ActiveCfg = Release|Any CPU
		{2F8A40CC-6D15-486D-B689-0A7A472DB89E}.Release|Any CPU.Build.0 = Release|Any CPU
	EndGlobalSection
	GlobalSection(SolutionProperties) = preSolution
		HideSolutionNode = FALSE
	EndGlobalSection
	GlobalSection(ExtensibilityGlobals) = postSolution
		SolutionGuid = {25394121-1456-4FD9-A853-060A4DBBB74C}
	EndGlobalSection
EndGlobal
