Microsoft Visual Studio Solution File, Format Version 12.00
# Visual Studio Version 17
VisualStudioVersion = 17.0.31903.59
MinimumVisualStudioVersion = 10.0.40219.1
Project("{9A19103F-16F7-4668-BE54-9A1E7A4F7556}") = "R2API.Core", "R2API.Core\R2API.Core.csproj", "{2F8A40CC-6D15-486D-B689-0A7A472DB89E}"
EndProject
Project("{9A19103F-16F7-4668-BE54-9A1E7A4F7556}") = "R2API.Test", "R2API.Test\R2API.Test.csproj", "{A10234E2-EEED-447D-857C-D68DBB561F3D}"
EndProject
Project("{2150E333-8FDC-42A3-9474-1A3956D46DE8}") = "Solution Items", "Solution Items", "{3A26DDA8-2697-4D64-962B-DB9E2DC00EF6}"
	ProjectSection(SolutionItems) = preProject
		.editorconfig = .editorconfig
		.gitignore = .gitignore
		API-README-BASE.md = API-README-BASE.md
		Archived changelogs.md = Archived changelogs.md
		CONTRIBUTING.md = CONTRIBUTING.md
		locally_verify_release_ci.sh = locally_verify_release_ci.sh
		Modules Initialization.txt = Modules Initialization.txt
		nuget.config = nuget.config
		R2API.props = R2API.props
		README.md = README.md
	EndProjectSection
EndProject
Project("{2150E333-8FDC-42A3-9474-1A3956D46DE8}") = ".github", ".github", "{68B36E72-17D9-4D17-8C52-DB612CF24001}"
EndProject
Project("{2150E333-8FDC-42A3-9474-1A3956D46DE8}") = "workflows", "workflows", "{CFD6888C-DCB1-4D72-9234-02527497750D}"
	ProjectSection(SolutionItems) = preProject
		.github\workflows\codeql-analysis.yml = .github\workflows\codeql-analysis.yml
		.github\workflows\main.yml = .github\workflows\main.yml
		.github\workflows\release.yml = .github\workflows\release.yml
	EndProjectSection
EndProject
Project("{9A19103F-16F7-4668-BE54-9A1E7A4F7556}") = "R2API.Items", "R2API.Items\R2API.Items.csproj", "{193B0EA3-6095-4B59-BC9C-4ED10E85418A}"
EndProject
Project("{9A19103F-16F7-4668-BE54-9A1E7A4F7556}") = "R2API.Legacy", "R2API.Legacy\R2API.Legacy.csproj", "{488CBD9D-B2FC-41F6-A994-02254CE62B92}"
EndProject
Project("{9A19103F-16F7-4668-BE54-9A1E7A4F7556}") = "R2API.ContentManagement", "R2API.ContentManagement\R2API.ContentManagement.csproj", "{E630009A-97EA-4F9F-AFE4-C9412FE30807}"
EndProject
Project("{9A19103F-16F7-4668-BE54-9A1E7A4F7556}") = "R2API.ArtifactCode", "R2API.ArtifactCode\R2API.ArtifactCode.csproj", "{F20ED7D6-82CF-4ED9-BEA6-66493A7FDBC1}"
EndProject
Project("{9A19103F-16F7-4668-BE54-9A1E7A4F7556}") = "R2API.Difficulty", "R2API.Difficulty\R2API.Difficulty.csproj", "{E93454A4-E87A-4D24-995A-660676F99395}"
EndProject
Project("{9A19103F-16F7-4668-BE54-9A1E7A4F7556}") = "R2API.Elites", "R2API.Elites\R2API.Elites.csproj", "{938C42A4-4EC6-4D1A-8924-6B5DA8CE3117}"
EndProject
Project("{9A19103F-16F7-4668-BE54-9A1E7A4F7556}") = "R2API.RecalculateStats", "R2API.RecalculateStats\R2API.RecalculateStats.csproj", "{C7430EF0-D155-4C4A-B25C-892E5CE3BDDB}"
EndProject
Project("{9A19103F-16F7-4668-BE54-9A1E7A4F7556}") = "R2API.Prefab", "R2API.Prefab\R2API.Prefab.csproj", "{48ABD76B-23C7-4F57-856F-034842A11FEE}"
EndProject
Project("{9A19103F-16F7-4668-BE54-9A1E7A4F7556}") = "R2API.Language", "R2API.Language\R2API.Language.csproj", "{B3F4F88F-754E-4B92-BE00-BB31C43D8307}"
EndProject
Project("{9A19103F-16F7-4668-BE54-9A1E7A4F7556}") = "R2API.Unlockable", "R2API.Unlockable\R2API.Unlockable.csproj", "{F73112EF-38B3-4987-9E11-C3EA6817402C}"
EndProject
Project("{9A19103F-16F7-4668-BE54-9A1E7A4F7556}") = "R2API.TempVisualEffect", "R2API.TempVisualEffect\R2API.TempVisualEffect.csproj", "{387AFA8E-2C67-4CF7-B8A3-01ECCCA2C0CE}"
EndProject
Project("{9A19103F-16F7-4668-BE54-9A1E7A4F7556}") = "R2API.SceneAsset", "R2API.SceneAsset\R2API.SceneAsset.csproj", "{3C36784A-368E-478C-ABEB-F99C5C6609DA}"
EndProject
Project("{9A19103F-16F7-4668-BE54-9A1E7A4F7556}") = "R2API.Orb", "R2API.Orb\R2API.Orb.csproj", "{F6DD7EFD-3234-4DEA-B0A7-5C72240B8E58}"
EndProject
Project("{9A19103F-16F7-4668-BE54-9A1E7A4F7556}") = "R2API.Loadout", "R2API.Loadout\R2API.Loadout.csproj", "{85AA328C-71F4-4E27-8EC7-8B94DFD31986}"
EndProject
Project("{9A19103F-16F7-4668-BE54-9A1E7A4F7556}") = "R2API.Dot", "R2API.Dot\R2API.Dot.csproj", "{FCC3F621-B25A-4D8E-A953-E673E1AAAC39}"
EndProject
Project("{9A19103F-16F7-4668-BE54-9A1E7A4F7556}") = "R2API.DamageType", "R2API.DamageType\R2API.DamageType.csproj", "{9D5DA1CB-708B-471D-96F6-6D280DD65AC4}"
EndProject
Project("{9A19103F-16F7-4668-BE54-9A1E7A4F7556}") = "R2API.Sound", "R2API.Sound\R2API.Sound.csproj", "{B90BA651-EFE7-4FD1-9D1B-D1B9B84ADEFA}"
EndProject
Project("{9A19103F-16F7-4668-BE54-9A1E7A4F7556}") = "R2API.Director", "R2API.Director\R2API.Director.csproj", "{E5ABC7F3-E976-48CE-B3D4-BEA1DF0B01FE}"
EndProject
Project("{9A19103F-16F7-4668-BE54-9A1E7A4F7556}") = "R2API.Deployable", "R2API.Deployable\R2API.Deployable.csproj", "{27590A8E-7A63-47A3-987E-F1C23ADA3277}"
EndProject
Project("{9A19103F-16F7-4668-BE54-9A1E7A4F7556}") = "R2API.LobbyConfig", "R2API.LobbyConfig\R2API.LobbyConfig.csproj", "{51743E1F-E500-4A48-B3DB-97EA566E42CD}"
EndProject
Project("{9A19103F-16F7-4668-BE54-9A1E7A4F7556}") = "R2API.Networking", "R2API.Networking\R2API.Networking.csproj", "{DC3F2C10-AEBA-4923-983C-47C8C6556F3E}"
EndProject
Project("{9A19103F-16F7-4668-BE54-9A1E7A4F7556}") = "R2API.CommandHelper", "R2API.CommandHelper\R2API.CommandHelper.csproj", "{EEB35F6F-78A6-422A-B059-22C8CEACBDF3}"
EndProject
Project("{9A19103F-16F7-4668-BE54-9A1E7A4F7556}") = "R2API.AutoVersionGen", "R2API.AutoVersionGen\R2API.AutoVersionGen.csproj", "{75CD9F63-1260-42B5-B41D-AF64445E9F4C}"
EndProject
Project("{9A19103F-16F7-4668-BE54-9A1E7A4F7556}") = "R2API.Colors", "R2API.Colors\R2API.Colors.csproj", "{5A25F18B-BCD4-44B1-B0FA-295298DDFDF5}"
EndProject
Project("{9A19103F-16F7-4668-BE54-9A1E7A4F7556}") = "R2API.Analyzer", "R2API.Analyzer\R2API.Analyzer\R2API.Analyzer.csproj", "{5DE3623A-52A0-43E4-9DE5-8FFD0DDE8870}"
EndProject
Project("{9A19103F-16F7-4668-BE54-9A1E7A4F7556}") = "R2API.Analyzer.CodeFixes", "R2API.Analyzer\R2API.Analyzer.CodeFixes\R2API.Analyzer.CodeFixes.csproj", "{C085C476-2882-49CD-8FE4-71F88E4E5EEB}"
EndProject
Project("{9A19103F-16F7-4668-BE54-9A1E7A4F7556}") = "BuildCI", "BuildCI\BuildCI.csproj", "{238ED894-932A-40B8-BD59-0E0F16242C10}"
EndProject
Project("{9A19103F-16F7-4668-BE54-9A1E7A4F7556}") = "R2API.Rules", "R2API.Rules\R2API.Rules.csproj", "{EE0946D0-2181-49BD-AF1E-75DBA3DA89AF}"
EndProject
Project("{9A19103F-16F7-4668-BE54-9A1E7A4F7556}") = "R2API.Skins", "R2API.Skins\R2API.Skins.csproj", "{C712F6B5-1E08-4FB5-90EE-2D2C7F2DFF55}"
EndProject
Project("{9A19103F-16F7-4668-BE54-9A1E7A4F7556}") = "R2API.Stages", "R2API.Stages\R2API.Stages.csproj", "{462180FD-0ECD-4344-A5B1-9B2006E3B17E}"
EndProject
Project("{9A19103F-16F7-4668-BE54-9A1E7A4F7556}") = "R2API.Addressables", "R2API.Addressables\R2API.Addressables.csproj", "{3AB66A0A-4905-41B2-A397-7C7D92CDDA8D}"
EndProject
Project("{9A19103F-16F7-4668-BE54-9A1E7A4F7556}") = "R2API.StringSerializerExtensions", "R2API.StringSerializerExtensions\R2API.StringSerializerExtensions.csproj", "{93F45245-4CE0-488E-835E-477155F65773}"
EndProject
Project("{9A19103F-16F7-4668-BE54-9A1E7A4F7556}") = "R2API.Animations", "R2API.Animations\R2API.Animations.csproj", "{1043B8B6-1120-4B18-A3F4-8F03053E6D44}"
EndProject
Project("{9A19103F-16F7-4668-BE54-9A1E7A4F7556}") = "R2API.ProcType", "R2API.ProcType\R2API.ProcType.csproj", "{1E30F7F3-480D-4D07-8C22-E7642FCB931A}"
EndProject
Project("{9A19103F-16F7-4668-BE54-9A1E7A4F7556}") = "R2API.ProcType.Patcher", "R2API.ProcType.Patcher\R2API.ProcType.Patcher.csproj", "{E09C4A6D-82D6-4084-BA9F-5C999F7D0561}"
EndProject
Project("{9A19103F-16F7-4668-BE54-9A1E7A4F7556}") = "R2API.ProcType.Interop", "R2API.ProcType.Interop\R2API.ProcType.Interop.csproj", "{807391A7-05DE-4FFC-A997-B577D8BECCBD}"
EndProject
Project("{9A19103F-16F7-4668-BE54-9A1E7A4F7556}") = "RoR2.Patched", "RoR2.Patched\RoR2.Patched.csproj", "{77CAE85A-E1FA-44C4-9E78-404A12DF2CCE}"
EndProject
Project("{9A19103F-16F7-4668-BE54-9A1E7A4F7556}") = "R2API.DamageType.Patcher", "R2API.DamageType.Patcher\R2API.DamageType.Patcher.csproj", "{929EEC5C-61AA-4B96-97BC-8A95DA7DB036}"
EndProject
Project("{9A19103F-16F7-4668-BE54-9A1E7A4F7556}") = "R2API.DamageType.Interop", "R2API.DamageType.Interop\R2API.DamageType.Interop.csproj", "{51B64907-065C-49D8-900F-26E9B54DD04F}"
EndProject
Project("{9A19103F-16F7-4668-BE54-9A1E7A4F7556}") = "R2API.Skills.Interop", "R2API.Skills.Interop\R2API.Skills.Interop.csproj", "{F9A08858-DB58-4EC9-9C96-7033F2B227DB}"
EndProject
Project("{9A19103F-16F7-4668-BE54-9A1E7A4F7556}") = "R2API.Skills", "R2API.Skills\R2API.Skills.csproj", "{68ACF22D-3382-4EB2-BF0B-A6DBC348E296}"
EndProject
Project("{9A19103F-16F7-4668-BE54-9A1E7A4F7556}") = "R2API.Skills.Patcher", "R2API.Skills.Patcher\R2API.Skills.Patcher.csproj", "{162FE273-7051-42C7-808D-846A188627FB}"
EndProject
Project("{9A19103F-16F7-4668-BE54-9A1E7A4F7556}") = "R2API.Animations.Runtime", "R2API.Animations.Runtime\R2API.Animations.Runtime.csproj", "{BE12168F-6FA2-4BCF-9010-94C5A38E57C9}"
EndProject
Project("{9A19103F-16F7-4668-BE54-9A1E7A4F7556}") = "R2API.Animations.Editor", "R2API.Animations.Editor\R2API.Animations.Editor.csproj", "{E1F37C64-C9E2-407A-805F-032867800006}"
EndProject
Project("{FAE04EC0-301F-11D3-BF4B-00C04F79EFBC}") = "R2API.Elites.Interop", "R2API.Elites.Interop\R2API.Elites.Interop.csproj", "{52B454DD-48BC-4F9F-B80B-5EED720BC74B}"
EndProject
Project("{FAE04EC0-301F-11D3-BF4B-00C04F79EFBC}") = "R2API.Elites.Patcher", "R2API.Elites.Patcher\R2API.Elites.Patcher.csproj", "{40564BAE-E74C-4464-9D3B-BDE73003A11D}"
EndProject
Global
	GlobalSection(SolutionConfigurationPlatforms) = preSolution
		Debug|Any CPU = Debug|Any CPU
		Release|Any CPU = Release|Any CPU
	EndGlobalSection
	GlobalSection(ProjectConfigurationPlatforms) = postSolution
		{2F8A40CC-6D15-486D-B689-0A7A472DB89E}.Debug|Any CPU.ActiveCfg = Debug|Any CPU
		{2F8A40CC-6D15-486D-B689-0A7A472DB89E}.Debug|Any CPU.Build.0 = Debug|Any CPU
		{2F8A40CC-6D15-486D-B689-0A7A472DB89E}.Release|Any CPU.ActiveCfg = Release|Any CPU
		{2F8A40CC-6D15-486D-B689-0A7A472DB89E}.Release|Any CPU.Build.0 = Release|Any CPU
		{A10234E2-EEED-447D-857C-D68DBB561F3D}.Debug|Any CPU.ActiveCfg = Debug|Any CPU
		{A10234E2-EEED-447D-857C-D68DBB561F3D}.Debug|Any CPU.Build.0 = Debug|Any CPU
		{A10234E2-EEED-447D-857C-D68DBB561F3D}.Release|Any CPU.ActiveCfg = Release|Any CPU
		{A10234E2-EEED-447D-857C-D68DBB561F3D}.Release|Any CPU.Build.0 = Release|Any CPU
		{193B0EA3-6095-4B59-BC9C-4ED10E85418A}.Debug|Any CPU.ActiveCfg = Debug|Any CPU
		{193B0EA3-6095-4B59-BC9C-4ED10E85418A}.Debug|Any CPU.Build.0 = Debug|Any CPU
		{193B0EA3-6095-4B59-BC9C-4ED10E85418A}.Release|Any CPU.ActiveCfg = Release|Any CPU
		{193B0EA3-6095-4B59-BC9C-4ED10E85418A}.Release|Any CPU.Build.0 = Release|Any CPU
		{488CBD9D-B2FC-41F6-A994-02254CE62B92}.Debug|Any CPU.ActiveCfg = Debug|Any CPU
		{488CBD9D-B2FC-41F6-A994-02254CE62B92}.Debug|Any CPU.Build.0 = Debug|Any CPU
		{488CBD9D-B2FC-41F6-A994-02254CE62B92}.Release|Any CPU.ActiveCfg = Release|Any CPU
		{488CBD9D-B2FC-41F6-A994-02254CE62B92}.Release|Any CPU.Build.0 = Release|Any CPU
		{E630009A-97EA-4F9F-AFE4-C9412FE30807}.Debug|Any CPU.ActiveCfg = Debug|Any CPU
		{E630009A-97EA-4F9F-AFE4-C9412FE30807}.Debug|Any CPU.Build.0 = Debug|Any CPU
		{E630009A-97EA-4F9F-AFE4-C9412FE30807}.Release|Any CPU.ActiveCfg = Release|Any CPU
		{E630009A-97EA-4F9F-AFE4-C9412FE30807}.Release|Any CPU.Build.0 = Release|Any CPU
		{F20ED7D6-82CF-4ED9-BEA6-66493A7FDBC1}.Debug|Any CPU.ActiveCfg = Debug|Any CPU
		{F20ED7D6-82CF-4ED9-BEA6-66493A7FDBC1}.Debug|Any CPU.Build.0 = Debug|Any CPU
		{F20ED7D6-82CF-4ED9-BEA6-66493A7FDBC1}.Release|Any CPU.ActiveCfg = Release|Any CPU
		{F20ED7D6-82CF-4ED9-BEA6-66493A7FDBC1}.Release|Any CPU.Build.0 = Release|Any CPU
		{E93454A4-E87A-4D24-995A-660676F99395}.Debug|Any CPU.ActiveCfg = Debug|Any CPU
		{E93454A4-E87A-4D24-995A-660676F99395}.Debug|Any CPU.Build.0 = Debug|Any CPU
		{E93454A4-E87A-4D24-995A-660676F99395}.Release|Any CPU.ActiveCfg = Release|Any CPU
		{E93454A4-E87A-4D24-995A-660676F99395}.Release|Any CPU.Build.0 = Release|Any CPU
		{938C42A4-4EC6-4D1A-8924-6B5DA8CE3117}.Debug|Any CPU.ActiveCfg = Debug|Any CPU
		{938C42A4-4EC6-4D1A-8924-6B5DA8CE3117}.Debug|Any CPU.Build.0 = Debug|Any CPU
		{938C42A4-4EC6-4D1A-8924-6B5DA8CE3117}.Release|Any CPU.ActiveCfg = Release|Any CPU
		{938C42A4-4EC6-4D1A-8924-6B5DA8CE3117}.Release|Any CPU.Build.0 = Release|Any CPU
		{C7430EF0-D155-4C4A-B25C-892E5CE3BDDB}.Debug|Any CPU.ActiveCfg = Debug|Any CPU
		{C7430EF0-D155-4C4A-B25C-892E5CE3BDDB}.Debug|Any CPU.Build.0 = Debug|Any CPU
		{C7430EF0-D155-4C4A-B25C-892E5CE3BDDB}.Release|Any CPU.ActiveCfg = Release|Any CPU
		{C7430EF0-D155-4C4A-B25C-892E5CE3BDDB}.Release|Any CPU.Build.0 = Release|Any CPU
		{48ABD76B-23C7-4F57-856F-034842A11FEE}.Debug|Any CPU.ActiveCfg = Debug|Any CPU
		{48ABD76B-23C7-4F57-856F-034842A11FEE}.Debug|Any CPU.Build.0 = Debug|Any CPU
		{48ABD76B-23C7-4F57-856F-034842A11FEE}.Release|Any CPU.ActiveCfg = Release|Any CPU
		{48ABD76B-23C7-4F57-856F-034842A11FEE}.Release|Any CPU.Build.0 = Release|Any CPU
		{B3F4F88F-754E-4B92-BE00-BB31C43D8307}.Debug|Any CPU.ActiveCfg = Debug|Any CPU
		{B3F4F88F-754E-4B92-BE00-BB31C43D8307}.Debug|Any CPU.Build.0 = Debug|Any CPU
		{B3F4F88F-754E-4B92-BE00-BB31C43D8307}.Release|Any CPU.ActiveCfg = Release|Any CPU
		{B3F4F88F-754E-4B92-BE00-BB31C43D8307}.Release|Any CPU.Build.0 = Release|Any CPU
		{F73112EF-38B3-4987-9E11-C3EA6817402C}.Debug|Any CPU.ActiveCfg = Debug|Any CPU
		{F73112EF-38B3-4987-9E11-C3EA6817402C}.Debug|Any CPU.Build.0 = Debug|Any CPU
		{F73112EF-38B3-4987-9E11-C3EA6817402C}.Release|Any CPU.ActiveCfg = Release|Any CPU
		{F73112EF-38B3-4987-9E11-C3EA6817402C}.Release|Any CPU.Build.0 = Release|Any CPU
		{387AFA8E-2C67-4CF7-B8A3-01ECCCA2C0CE}.Debug|Any CPU.ActiveCfg = Debug|Any CPU
		{387AFA8E-2C67-4CF7-B8A3-01ECCCA2C0CE}.Debug|Any CPU.Build.0 = Debug|Any CPU
		{387AFA8E-2C67-4CF7-B8A3-01ECCCA2C0CE}.Release|Any CPU.ActiveCfg = Release|Any CPU
		{387AFA8E-2C67-4CF7-B8A3-01ECCCA2C0CE}.Release|Any CPU.Build.0 = Release|Any CPU
		{3C36784A-368E-478C-ABEB-F99C5C6609DA}.Debug|Any CPU.ActiveCfg = Debug|Any CPU
		{3C36784A-368E-478C-ABEB-F99C5C6609DA}.Debug|Any CPU.Build.0 = Debug|Any CPU
		{3C36784A-368E-478C-ABEB-F99C5C6609DA}.Release|Any CPU.ActiveCfg = Release|Any CPU
		{3C36784A-368E-478C-ABEB-F99C5C6609DA}.Release|Any CPU.Build.0 = Release|Any CPU
		{F6DD7EFD-3234-4DEA-B0A7-5C72240B8E58}.Debug|Any CPU.ActiveCfg = Debug|Any CPU
		{F6DD7EFD-3234-4DEA-B0A7-5C72240B8E58}.Debug|Any CPU.Build.0 = Debug|Any CPU
		{F6DD7EFD-3234-4DEA-B0A7-5C72240B8E58}.Release|Any CPU.ActiveCfg = Release|Any CPU
		{F6DD7EFD-3234-4DEA-B0A7-5C72240B8E58}.Release|Any CPU.Build.0 = Release|Any CPU
		{85AA328C-71F4-4E27-8EC7-8B94DFD31986}.Debug|Any CPU.ActiveCfg = Debug|Any CPU
		{85AA328C-71F4-4E27-8EC7-8B94DFD31986}.Debug|Any CPU.Build.0 = Debug|Any CPU
		{85AA328C-71F4-4E27-8EC7-8B94DFD31986}.Release|Any CPU.ActiveCfg = Release|Any CPU
		{85AA328C-71F4-4E27-8EC7-8B94DFD31986}.Release|Any CPU.Build.0 = Release|Any CPU
		{FCC3F621-B25A-4D8E-A953-E673E1AAAC39}.Debug|Any CPU.ActiveCfg = Debug|Any CPU
		{FCC3F621-B25A-4D8E-A953-E673E1AAAC39}.Debug|Any CPU.Build.0 = Debug|Any CPU
		{FCC3F621-B25A-4D8E-A953-E673E1AAAC39}.Release|Any CPU.ActiveCfg = Release|Any CPU
		{FCC3F621-B25A-4D8E-A953-E673E1AAAC39}.Release|Any CPU.Build.0 = Release|Any CPU
		{9D5DA1CB-708B-471D-96F6-6D280DD65AC4}.Debug|Any CPU.ActiveCfg = Debug|Any CPU
		{9D5DA1CB-708B-471D-96F6-6D280DD65AC4}.Debug|Any CPU.Build.0 = Debug|Any CPU
		{9D5DA1CB-708B-471D-96F6-6D280DD65AC4}.Release|Any CPU.ActiveCfg = Release|Any CPU
		{9D5DA1CB-708B-471D-96F6-6D280DD65AC4}.Release|Any CPU.Build.0 = Release|Any CPU
		{B90BA651-EFE7-4FD1-9D1B-D1B9B84ADEFA}.Debug|Any CPU.ActiveCfg = Debug|Any CPU
		{B90BA651-EFE7-4FD1-9D1B-D1B9B84ADEFA}.Debug|Any CPU.Build.0 = Debug|Any CPU
		{B90BA651-EFE7-4FD1-9D1B-D1B9B84ADEFA}.Release|Any CPU.ActiveCfg = Release|Any CPU
		{B90BA651-EFE7-4FD1-9D1B-D1B9B84ADEFA}.Release|Any CPU.Build.0 = Release|Any CPU
		{E5ABC7F3-E976-48CE-B3D4-BEA1DF0B01FE}.Debug|Any CPU.ActiveCfg = Debug|Any CPU
		{E5ABC7F3-E976-48CE-B3D4-BEA1DF0B01FE}.Debug|Any CPU.Build.0 = Debug|Any CPU
		{E5ABC7F3-E976-48CE-B3D4-BEA1DF0B01FE}.Release|Any CPU.ActiveCfg = Release|Any CPU
		{E5ABC7F3-E976-48CE-B3D4-BEA1DF0B01FE}.Release|Any CPU.Build.0 = Release|Any CPU
		{27590A8E-7A63-47A3-987E-F1C23ADA3277}.Debug|Any CPU.ActiveCfg = Debug|Any CPU
		{27590A8E-7A63-47A3-987E-F1C23ADA3277}.Debug|Any CPU.Build.0 = Debug|Any CPU
		{27590A8E-7A63-47A3-987E-F1C23ADA3277}.Release|Any CPU.ActiveCfg = Release|Any CPU
		{27590A8E-7A63-47A3-987E-F1C23ADA3277}.Release|Any CPU.Build.0 = Release|Any CPU
		{51743E1F-E500-4A48-B3DB-97EA566E42CD}.Debug|Any CPU.ActiveCfg = Debug|Any CPU
		{51743E1F-E500-4A48-B3DB-97EA566E42CD}.Debug|Any CPU.Build.0 = Debug|Any CPU
		{51743E1F-E500-4A48-B3DB-97EA566E42CD}.Release|Any CPU.ActiveCfg = Release|Any CPU
		{51743E1F-E500-4A48-B3DB-97EA566E42CD}.Release|Any CPU.Build.0 = Release|Any CPU
		{DC3F2C10-AEBA-4923-983C-47C8C6556F3E}.Debug|Any CPU.ActiveCfg = Debug|Any CPU
		{DC3F2C10-AEBA-4923-983C-47C8C6556F3E}.Debug|Any CPU.Build.0 = Debug|Any CPU
		{DC3F2C10-AEBA-4923-983C-47C8C6556F3E}.Release|Any CPU.ActiveCfg = Release|Any CPU
		{DC3F2C10-AEBA-4923-983C-47C8C6556F3E}.Release|Any CPU.Build.0 = Release|Any CPU
		{EEB35F6F-78A6-422A-B059-22C8CEACBDF3}.Debug|Any CPU.ActiveCfg = Debug|Any CPU
		{EEB35F6F-78A6-422A-B059-22C8CEACBDF3}.Debug|Any CPU.Build.0 = Debug|Any CPU
		{EEB35F6F-78A6-422A-B059-22C8CEACBDF3}.Release|Any CPU.ActiveCfg = Release|Any CPU
		{EEB35F6F-78A6-422A-B059-22C8CEACBDF3}.Release|Any CPU.Build.0 = Release|Any CPU
		{75CD9F63-1260-42B5-B41D-AF64445E9F4C}.Debug|Any CPU.ActiveCfg = Debug|Any CPU
		{75CD9F63-1260-42B5-B41D-AF64445E9F4C}.Debug|Any CPU.Build.0 = Debug|Any CPU
		{75CD9F63-1260-42B5-B41D-AF64445E9F4C}.Release|Any CPU.ActiveCfg = Release|Any CPU
		{75CD9F63-1260-42B5-B41D-AF64445E9F4C}.Release|Any CPU.Build.0 = Release|Any CPU
		{5A25F18B-BCD4-44B1-B0FA-295298DDFDF5}.Debug|Any CPU.ActiveCfg = Debug|Any CPU
		{5A25F18B-BCD4-44B1-B0FA-295298DDFDF5}.Debug|Any CPU.Build.0 = Debug|Any CPU
		{5A25F18B-BCD4-44B1-B0FA-295298DDFDF5}.Release|Any CPU.ActiveCfg = Release|Any CPU
		{5A25F18B-BCD4-44B1-B0FA-295298DDFDF5}.Release|Any CPU.Build.0 = Release|Any CPU
		{5DE3623A-52A0-43E4-9DE5-8FFD0DDE8870}.Debug|Any CPU.ActiveCfg = Debug|Any CPU
		{5DE3623A-52A0-43E4-9DE5-8FFD0DDE8870}.Debug|Any CPU.Build.0 = Debug|Any CPU
		{5DE3623A-52A0-43E4-9DE5-8FFD0DDE8870}.Release|Any CPU.ActiveCfg = Release|Any CPU
		{5DE3623A-52A0-43E4-9DE5-8FFD0DDE8870}.Release|Any CPU.Build.0 = Release|Any CPU
		{C085C476-2882-49CD-8FE4-71F88E4E5EEB}.Debug|Any CPU.ActiveCfg = Debug|Any CPU
		{C085C476-2882-49CD-8FE4-71F88E4E5EEB}.Debug|Any CPU.Build.0 = Debug|Any CPU
		{C085C476-2882-49CD-8FE4-71F88E4E5EEB}.Release|Any CPU.ActiveCfg = Release|Any CPU
		{C085C476-2882-49CD-8FE4-71F88E4E5EEB}.Release|Any CPU.Build.0 = Release|Any CPU
		{238ED894-932A-40B8-BD59-0E0F16242C10}.Debug|Any CPU.ActiveCfg = Debug|Any CPU
		{238ED894-932A-40B8-BD59-0E0F16242C10}.Debug|Any CPU.Build.0 = Debug|Any CPU
		{238ED894-932A-40B8-BD59-0E0F16242C10}.Release|Any CPU.ActiveCfg = Release|Any CPU
		{238ED894-932A-40B8-BD59-0E0F16242C10}.Release|Any CPU.Build.0 = Release|Any CPU
		{EE0946D0-2181-49BD-AF1E-75DBA3DA89AF}.Debug|Any CPU.ActiveCfg = Debug|Any CPU
		{EE0946D0-2181-49BD-AF1E-75DBA3DA89AF}.Debug|Any CPU.Build.0 = Debug|Any CPU
		{EE0946D0-2181-49BD-AF1E-75DBA3DA89AF}.Release|Any CPU.ActiveCfg = Release|Any CPU
		{EE0946D0-2181-49BD-AF1E-75DBA3DA89AF}.Release|Any CPU.Build.0 = Release|Any CPU
		{C712F6B5-1E08-4FB5-90EE-2D2C7F2DFF55}.Debug|Any CPU.ActiveCfg = Debug|Any CPU
		{C712F6B5-1E08-4FB5-90EE-2D2C7F2DFF55}.Debug|Any CPU.Build.0 = Debug|Any CPU
		{C712F6B5-1E08-4FB5-90EE-2D2C7F2DFF55}.Release|Any CPU.ActiveCfg = Release|Any CPU
		{C712F6B5-1E08-4FB5-90EE-2D2C7F2DFF55}.Release|Any CPU.Build.0 = Release|Any CPU
		{462180FD-0ECD-4344-A5B1-9B2006E3B17E}.Debug|Any CPU.ActiveCfg = Debug|Any CPU
		{462180FD-0ECD-4344-A5B1-9B2006E3B17E}.Debug|Any CPU.Build.0 = Debug|Any CPU
		{462180FD-0ECD-4344-A5B1-9B2006E3B17E}.Release|Any CPU.ActiveCfg = Release|Any CPU
		{462180FD-0ECD-4344-A5B1-9B2006E3B17E}.Release|Any CPU.Build.0 = Release|Any CPU
		{3AB66A0A-4905-41B2-A397-7C7D92CDDA8D}.Debug|Any CPU.ActiveCfg = Debug|Any CPU
		{3AB66A0A-4905-41B2-A397-7C7D92CDDA8D}.Debug|Any CPU.Build.0 = Debug|Any CPU
		{3AB66A0A-4905-41B2-A397-7C7D92CDDA8D}.Release|Any CPU.ActiveCfg = Release|Any CPU
		{3AB66A0A-4905-41B2-A397-7C7D92CDDA8D}.Release|Any CPU.Build.0 = Release|Any CPU
		{93F45245-4CE0-488E-835E-477155F65773}.Debug|Any CPU.ActiveCfg = Debug|Any CPU
		{93F45245-4CE0-488E-835E-477155F65773}.Debug|Any CPU.Build.0 = Debug|Any CPU
		{93F45245-4CE0-488E-835E-477155F65773}.Release|Any CPU.ActiveCfg = Release|Any CPU
		{93F45245-4CE0-488E-835E-477155F65773}.Release|Any CPU.Build.0 = Release|Any CPU
		{1043B8B6-1120-4B18-A3F4-8F03053E6D44}.Debug|Any CPU.ActiveCfg = Debug|Any CPU
		{1043B8B6-1120-4B18-A3F4-8F03053E6D44}.Debug|Any CPU.Build.0 = Debug|Any CPU
		{1043B8B6-1120-4B18-A3F4-8F03053E6D44}.Release|Any CPU.ActiveCfg = Release|Any CPU
		{1043B8B6-1120-4B18-A3F4-8F03053E6D44}.Release|Any CPU.Build.0 = Release|Any CPU
		{1E30F7F3-480D-4D07-8C22-E7642FCB931A}.Debug|Any CPU.ActiveCfg = Debug|Any CPU
		{1E30F7F3-480D-4D07-8C22-E7642FCB931A}.Debug|Any CPU.Build.0 = Debug|Any CPU
		{1E30F7F3-480D-4D07-8C22-E7642FCB931A}.Release|Any CPU.ActiveCfg = Release|Any CPU
		{1E30F7F3-480D-4D07-8C22-E7642FCB931A}.Release|Any CPU.Build.0 = Release|Any CPU
		{E09C4A6D-82D6-4084-BA9F-5C999F7D0561}.Debug|Any CPU.ActiveCfg = Debug|Any CPU
		{E09C4A6D-82D6-4084-BA9F-5C999F7D0561}.Debug|Any CPU.Build.0 = Debug|Any CPU
		{E09C4A6D-82D6-4084-BA9F-5C999F7D0561}.Release|Any CPU.ActiveCfg = Release|Any CPU
		{E09C4A6D-82D6-4084-BA9F-5C999F7D0561}.Release|Any CPU.Build.0 = Release|Any CPU
		{807391A7-05DE-4FFC-A997-B577D8BECCBD}.Debug|Any CPU.ActiveCfg = Debug|Any CPU
		{807391A7-05DE-4FFC-A997-B577D8BECCBD}.Debug|Any CPU.Build.0 = Debug|Any CPU
		{807391A7-05DE-4FFC-A997-B577D8BECCBD}.Release|Any CPU.ActiveCfg = Release|Any CPU
		{807391A7-05DE-4FFC-A997-B577D8BECCBD}.Release|Any CPU.Build.0 = Release|Any CPU
		{77CAE85A-E1FA-44C4-9E78-404A12DF2CCE}.Debug|Any CPU.ActiveCfg = Debug|Any CPU
		{77CAE85A-E1FA-44C4-9E78-404A12DF2CCE}.Debug|Any CPU.Build.0 = Debug|Any CPU
		{77CAE85A-E1FA-44C4-9E78-404A12DF2CCE}.Release|Any CPU.ActiveCfg = Release|Any CPU
		{77CAE85A-E1FA-44C4-9E78-404A12DF2CCE}.Release|Any CPU.Build.0 = Release|Any CPU
		{929EEC5C-61AA-4B96-97BC-8A95DA7DB036}.Debug|Any CPU.ActiveCfg = Debug|Any CPU
		{929EEC5C-61AA-4B96-97BC-8A95DA7DB036}.Debug|Any CPU.Build.0 = Debug|Any CPU
		{929EEC5C-61AA-4B96-97BC-8A95DA7DB036}.Release|Any CPU.ActiveCfg = Release|Any CPU
		{929EEC5C-61AA-4B96-97BC-8A95DA7DB036}.Release|Any CPU.Build.0 = Release|Any CPU
		{51B64907-065C-49D8-900F-26E9B54DD04F}.Debug|Any CPU.ActiveCfg = Debug|Any CPU
		{51B64907-065C-49D8-900F-26E9B54DD04F}.Debug|Any CPU.Build.0 = Debug|Any CPU
		{51B64907-065C-49D8-900F-26E9B54DD04F}.Release|Any CPU.ActiveCfg = Release|Any CPU
		{51B64907-065C-49D8-900F-26E9B54DD04F}.Release|Any CPU.Build.0 = Release|Any CPU
		{F9A08858-DB58-4EC9-9C96-7033F2B227DB}.Debug|Any CPU.ActiveCfg = Debug|Any CPU
		{F9A08858-DB58-4EC9-9C96-7033F2B227DB}.Debug|Any CPU.Build.0 = Debug|Any CPU
		{F9A08858-DB58-4EC9-9C96-7033F2B227DB}.Release|Any CPU.ActiveCfg = Release|Any CPU
		{F9A08858-DB58-4EC9-9C96-7033F2B227DB}.Release|Any CPU.Build.0 = Release|Any CPU
		{68ACF22D-3382-4EB2-BF0B-A6DBC348E296}.Debug|Any CPU.ActiveCfg = Debug|Any CPU
		{68ACF22D-3382-4EB2-BF0B-A6DBC348E296}.Debug|Any CPU.Build.0 = Debug|Any CPU
		{68ACF22D-3382-4EB2-BF0B-A6DBC348E296}.Release|Any CPU.ActiveCfg = Release|Any CPU
		{68ACF22D-3382-4EB2-BF0B-A6DBC348E296}.Release|Any CPU.Build.0 = Release|Any CPU
		{162FE273-7051-42C7-808D-846A188627FB}.Debug|Any CPU.ActiveCfg = Debug|Any CPU
		{162FE273-7051-42C7-808D-846A188627FB}.Debug|Any CPU.Build.0 = Debug|Any CPU
		{162FE273-7051-42C7-808D-846A188627FB}.Release|Any CPU.ActiveCfg = Release|Any CPU
		{162FE273-7051-42C7-808D-846A188627FB}.Release|Any CPU.Build.0 = Release|Any CPU
		{BE12168F-6FA2-4BCF-9010-94C5A38E57C9}.Debug|Any CPU.ActiveCfg = Debug|Any CPU
		{BE12168F-6FA2-4BCF-9010-94C5A38E57C9}.Debug|Any CPU.Build.0 = Debug|Any CPU
		{BE12168F-6FA2-4BCF-9010-94C5A38E57C9}.Release|Any CPU.ActiveCfg = Release|Any CPU
		{BE12168F-6FA2-4BCF-9010-94C5A38E57C9}.Release|Any CPU.Build.0 = Release|Any CPU
		{E1F37C64-C9E2-407A-805F-032867800006}.Debug|Any CPU.ActiveCfg = Debug|Any CPU
		{E1F37C64-C9E2-407A-805F-032867800006}.Debug|Any CPU.Build.0 = Debug|Any CPU
		{E1F37C64-C9E2-407A-805F-032867800006}.Release|Any CPU.ActiveCfg = Release|Any CPU
		{E1F37C64-C9E2-407A-805F-032867800006}.Release|Any CPU.Build.0 = Release|Any CPU
		{52B454DD-48BC-4F9F-B80B-5EED720BC74B}.Debug|Any CPU.ActiveCfg = Debug|Any CPU
		{52B454DD-48BC-4F9F-B80B-5EED720BC74B}.Debug|Any CPU.Build.0 = Debug|Any CPU
		{52B454DD-48BC-4F9F-B80B-5EED720BC74B}.Release|Any CPU.ActiveCfg = Release|Any CPU
		{52B454DD-48BC-4F9F-B80B-5EED720BC74B}.Release|Any CPU.Build.0 = Release|Any CPU
		{40564BAE-E74C-4464-9D3B-BDE73003A11D}.Debug|Any CPU.ActiveCfg = Debug|Any CPU
		{40564BAE-E74C-4464-9D3B-BDE73003A11D}.Debug|Any CPU.Build.0 = Debug|Any CPU
		{40564BAE-E74C-4464-9D3B-BDE73003A11D}.Release|Any CPU.ActiveCfg = Release|Any CPU
		{40564BAE-E74C-4464-9D3B-BDE73003A11D}.Release|Any CPU.Build.0 = Release|Any CPU
	EndGlobalSection
	GlobalSection(SolutionProperties) = preSolution
		HideSolutionNode = FALSE
	EndGlobalSection
	GlobalSection(NestedProjects) = preSolution
		{68B36E72-17D9-4D17-8C52-DB612CF24001} = {3A26DDA8-2697-4D64-962B-DB9E2DC00EF6}
		{CFD6888C-DCB1-4D72-9234-02527497750D} = {68B36E72-17D9-4D17-8C52-DB612CF24001}
	EndGlobalSection
	GlobalSection(ExtensibilityGlobals) = postSolution
		SolutionGuid = {25394121-1456-4FD9-A853-060A4DBBB74C}
	EndGlobalSection
EndGlobal
